
Microsoft Visual Studio Solution File, Format Version 12.00
# Visual Studio 15
VisualStudioVersion = 15.0.27004.2005
MinimumVisualStudioVersion = 10.0.40219.1
Project("{FAE04EC0-301F-11D3-BF4B-00C04F79EFBC}") = "ProxyIpTools", "ProxyIpTools.csproj", "{8ACCFA0E-BBFD-4841-8013-813CC56EF324}"
EndProject
Global
	GlobalSection(SolutionConfigurationPlatforms) = preSolution
		Debug|Any CPU = Debug|Any CPU
		Release|Any CPU = Release|Any CPU
	EndGlobalSection
	GlobalSection(ProjectConfigurationPlatforms) = postSolution
		{8ACCFA0E-BBFD-4841-8013-813CC56EF324}.Debug|Any CPU.ActiveCfg = Debug|Any CPU
		{8ACCFA0E-BBFD-4841-8013-813CC56EF324}.Debug|Any CPU.Build.0 = Debug|Any CPU
		{8ACCFA0E-BBFD-4841-8013-813CC56EF324}.Release|Any CPU.ActiveCfg = Release|Any CPU
		{8ACCFA0E-BBFD-4841-8013-813CC56EF324}.Release|Any CPU.Build.0 = Release|Any CPU
	EndGlobalSection
	GlobalSection(SolutionProperties) = preSolution
		HideSolutionNode = FALSE
	EndGlobalSection
	GlobalSection(ExtensibilityGlobals) = postSolution
		SolutionGuid = {EDAC6E0C-488C-499D-88E0-06E36116F970}
	EndGlobalSection
EndGlobal
